// !$*UTF8*$!
{
	archiveVersion = 1;
	classes = {
	};
	objectVersion = 55;
	objects = {

/* Begin PBXBuildFile section */
		74AFADB9282951DA0055C71A /* AppDelegate.swift in Sources */ = {isa = PBXBuildFile; fileRef = 74AFADB8282951DA0055C71A /* AppDelegate.swift */; };
		74AFADBB282951DA0055C71A /* SceneDelegate.swift in Sources */ = {isa = PBXBuildFile; fileRef = 74AFADBA282951DA0055C71A /* SceneDelegate.swift */; };
		74AFADC0282951DA0055C71A /* Main.storyboard in Resources */ = {isa = PBXBuildFile; fileRef = 74AFADBE282951DA0055C71A /* Main.storyboard */; };
		74AFADC2282951DD0055C71A /* Assets.xcassets in Resources */ = {isa = PBXBuildFile; fileRef = 74AFADC1282951DD0055C71A /* Assets.xcassets */; };
		74AFADC5282951DD0055C71A /* LaunchScreen.storyboard in Resources */ = {isa = PBXBuildFile; fileRef = 74AFADC3282951DD0055C71A /* LaunchScreen.storyboard */; };
		74AFADD0282951DD0055C71A /* Calendar_AppTests.swift in Sources */ = {isa = PBXBuildFile; fileRef = 74AFADCF282951DD0055C71A /* Calendar_AppTests.swift */; };
		74AFADDA282951DD0055C71A /* Calendar_AppUITests.swift in Sources */ = {isa = PBXBuildFile; fileRef = 74AFADD9282951DD0055C71A /* Calendar_AppUITests.swift */; };
		74AFADDC282951DD0055C71A /* Calendar_AppUITestsLaunchTests.swift in Sources */ = {isa = PBXBuildFile; fileRef = 74AFADDB282951DD0055C71A /* Calendar_AppUITestsLaunchTests.swift */; };
		74D31BAD282EA5DA001F24DF /* LogInViewController.swift in Sources */ = {isa = PBXBuildFile; fileRef = 74D31BAC282EA5DA001F24DF /* LogInViewController.swift */; };
		74D31BAF28328D42001F24DF /* HomeViewController.swift in Sources */ = {isa = PBXBuildFile; fileRef = 74D31BAE28328D41001F24DF /* HomeViewController.swift */; };
		74D31BB128328D7C001F24DF /* SettingsViewController.swift in Sources */ = {isa = PBXBuildFile; fileRef = 74D31BB028328D7C001F24DF /* SettingsViewController.swift */; };
		74D31BB328328DB2001F24DF /* CalendarViewController.swift in Sources */ = {isa = PBXBuildFile; fileRef = 74D31BB228328DB2001F24DF /* CalendarViewController.swift */; };
		74D31BB528328DCD001F24DF /* DayViewController.swift in Sources */ = {isa = PBXBuildFile; fileRef = 74D31BB428328DCD001F24DF /* DayViewController.swift */; };
		74D31BB728328DF0001F24DF /* EventViewController.swift in Sources */ = {isa = PBXBuildFile; fileRef = 74D31BB628328DF0001F24DF /* EventViewController.swift */; };
		74D31BB928328E08001F24DF /* AddEventViewController.swift in Sources */ = {isa = PBXBuildFile; fileRef = 74D31BB828328E08001F24DF /* AddEventViewController.swift */; };
		74D31BBB28329768001F24DF /* FilterViewController.swift in Sources */ = {isa = PBXBuildFile; fileRef = 74D31BBA28329768001F24DF /* FilterViewController.swift */; };
		74D31BC12837D39D001F24DF /* TabBarController.swift in Sources */ = {isa = PBXBuildFile; fileRef = 74D31BC02837D39D001F24DF /* TabBarController.swift */; };
		CE4EEDEC2839DD670087EEA5 /* GoogleSignIn in Frameworks */ = {isa = PBXBuildFile; productRef = CE4EEDEB2839DD670087EEA5 /* GoogleSignIn */; settings = {ATTRIBUTES = (Weak, ); }; };
		CE4EEDEE2839DD670087EEA5 /* GoogleSignInSwift in Frameworks */ = {isa = PBXBuildFile; productRef = CE4EEDED2839DD670087EEA5 /* GoogleSignInSwift */; settings = {ATTRIBUTES = (Weak, ); }; };
		CE4EEE272839DEF00087EEA5 /* FirebaseAuth in Frameworks */ = {isa = PBXBuildFile; productRef = CE4EEE262839DEF00087EEA5 /* FirebaseAuth */; };
		CE4EEE292839DEF00087EEA5 /* FirebaseAuthCombine-Community in Frameworks */ = {isa = PBXBuildFile; productRef = CE4EEE282839DEF00087EEA5 /* FirebaseAuthCombine-Community */; };
		CE4EEE2B2839DEF00087EEA5 /* FirebaseFirestore in Frameworks */ = {isa = PBXBuildFile; productRef = CE4EEE2A2839DEF00087EEA5 /* FirebaseFirestore */; };
		CE4EEE2D2839DEF00087EEA5 /* FirebaseFirestoreCombine-Community in Frameworks */ = {isa = PBXBuildFile; productRef = CE4EEE2C2839DEF00087EEA5 /* FirebaseFirestoreCombine-Community */; };
		CE4EEE2F2839DEF00087EEA5 /* FirebaseFirestoreSwift in Frameworks */ = {isa = PBXBuildFile; productRef = CE4EEE2E2839DEF00087EEA5 /* FirebaseFirestoreSwift */; };
		CE4EEE312839DEF00087EEA5 /* FirebaseInAppMessaging-Beta in Frameworks */ = {isa = PBXBuildFile; productRef = CE4EEE302839DEF00087EEA5 /* FirebaseInAppMessaging-Beta */; };
		CE4EEE332839DEF00087EEA5 /* FirebaseInAppMessagingSwift-Beta in Frameworks */ = {isa = PBXBuildFile; productRef = CE4EEE322839DEF00087EEA5 /* FirebaseInAppMessagingSwift-Beta */; };
		CE4EEE352839DEF00087EEA5 /* FirebaseInstallations in Frameworks */ = {isa = PBXBuildFile; productRef = CE4EEE342839DEF00087EEA5 /* FirebaseInstallations */; };
		CE4EEE372839DEF00087EEA5 /* FirebaseMessaging in Frameworks */ = {isa = PBXBuildFile; productRef = CE4EEE362839DEF00087EEA5 /* FirebaseMessaging */; };
		CE4EEE392839DEF00087EEA5 /* FirebaseRemoteConfigSwift in Frameworks */ = {isa = PBXBuildFile; productRef = CE4EEE382839DEF00087EEA5 /* FirebaseRemoteConfigSwift */; };
		CE4EEE3B2839DEF00087EEA5 /* FirebaseStorage in Frameworks */ = {isa = PBXBuildFile; productRef = CE4EEE3A2839DEF00087EEA5 /* FirebaseStorage */; };
		CE4EEE3D2839DEF00087EEA5 /* FirebaseStorageCombine-Community in Frameworks */ = {isa = PBXBuildFile; productRef = CE4EEE3C2839DEF00087EEA5 /* FirebaseStorageCombine-Community */; };
		CE4EEE402839E5750087EEA5 /* Firestore Get.swift in Sources */ = {isa = PBXBuildFile; fileRef = CE4EEE3F2839E5750087EEA5 /* Firestore Get.swift */; };
		CE4EEE422839EA450087EEA5 /* Firestore set.swift in Sources */ = {isa = PBXBuildFile; fileRef = CE4EEE412839EA450087EEA5 /* Firestore set.swift */; };
		CE4EEE46283A0EFC0087EEA5 /* GoogleService-Info.plist in Resources */ = {isa = PBXBuildFile; fileRef = CE4EEE45283A0EFC0087EEA5 /* GoogleService-Info.plist */; };
		CE62AC0F283D1BB900474068 /* Firestore List.swift in Sources */ = {isa = PBXBuildFile; fileRef = CE62AC0E283D1BB900474068 /* Firestore List.swift */; };
		CE62AC11283E6B2900474068 /* Event Class.swift in Sources */ = {isa = PBXBuildFile; fileRef = CE62AC10283E6B2800474068 /* Event Class.swift */; };
		CEB9C3AB2837D8ED003EFC7F /* HomeViewSwiftui.swift in Sources */ = {isa = PBXBuildFile; fileRef = CEB9C3AA2837D8ED003EFC7F /* HomeViewSwiftui.swift */; };
/* End PBXBuildFile section */

/* Begin PBXContainerItemProxy section */
		74AFADCC282951DD0055C71A /* PBXContainerItemProxy */ = {
			isa = PBXContainerItemProxy;
			containerPortal = 74AFADAD282951DA0055C71A /* Project object */;
			proxyType = 1;
			remoteGlobalIDString = 74AFADB4282951DA0055C71A;
			remoteInfo = "Calendar App";
		};
		74AFADD6282951DD0055C71A /* PBXContainerItemProxy */ = {
			isa = PBXContainerItemProxy;
			containerPortal = 74AFADAD282951DA0055C71A /* Project object */;
			proxyType = 1;
			remoteGlobalIDString = 74AFADB4282951DA0055C71A;
			remoteInfo = "Calendar App";
		};
/* End PBXContainerItemProxy section */

/* Begin PBXFileReference section */
		74AFADB5282951DA0055C71A /* Calendar App.app */ = {isa = PBXFileReference; explicitFileType = wrapper.application; includeInIndex = 0; path = "Calendar App.app"; sourceTree = BUILT_PRODUCTS_DIR; };
		74AFADB8282951DA0055C71A /* AppDelegate.swift */ = {isa = PBXFileReference; lastKnownFileType = sourcecode.swift; path = AppDelegate.swift; sourceTree = "<group>"; };
		74AFADBA282951DA0055C71A /* SceneDelegate.swift */ = {isa = PBXFileReference; lastKnownFileType = sourcecode.swift; path = SceneDelegate.swift; sourceTree = "<group>"; };
		74AFADBF282951DA0055C71A /* Base */ = {isa = PBXFileReference; lastKnownFileType = file.storyboard; name = Base; path = Base.lproj/Main.storyboard; sourceTree = "<group>"; };
		74AFADC1282951DD0055C71A /* Assets.xcassets */ = {isa = PBXFileReference; lastKnownFileType = folder.assetcatalog; path = Assets.xcassets; sourceTree = "<group>"; };
		74AFADC4282951DD0055C71A /* Base */ = {isa = PBXFileReference; lastKnownFileType = file.storyboard; name = Base; path = Base.lproj/LaunchScreen.storyboard; sourceTree = "<group>"; };
		74AFADC6282951DD0055C71A /* Info.plist */ = {isa = PBXFileReference; lastKnownFileType = text.plist.xml; path = Info.plist; sourceTree = "<group>"; };
		74AFADCB282951DD0055C71A /* Calendar AppTests.xctest */ = {isa = PBXFileReference; explicitFileType = wrapper.cfbundle; includeInIndex = 0; path = "Calendar AppTests.xctest"; sourceTree = BUILT_PRODUCTS_DIR; };
		74AFADCF282951DD0055C71A /* Calendar_AppTests.swift */ = {isa = PBXFileReference; lastKnownFileType = sourcecode.swift; path = Calendar_AppTests.swift; sourceTree = "<group>"; };
		74AFADD5282951DD0055C71A /* Calendar AppUITests.xctest */ = {isa = PBXFileReference; explicitFileType = wrapper.cfbundle; includeInIndex = 0; path = "Calendar AppUITests.xctest"; sourceTree = BUILT_PRODUCTS_DIR; };
		74AFADD9282951DD0055C71A /* Calendar_AppUITests.swift */ = {isa = PBXFileReference; lastKnownFileType = sourcecode.swift; path = Calendar_AppUITests.swift; sourceTree = "<group>"; };
		74AFADDB282951DD0055C71A /* Calendar_AppUITestsLaunchTests.swift */ = {isa = PBXFileReference; lastKnownFileType = sourcecode.swift; path = Calendar_AppUITestsLaunchTests.swift; sourceTree = "<group>"; };
		74D31BAC282EA5DA001F24DF /* LogInViewController.swift */ = {isa = PBXFileReference; lastKnownFileType = sourcecode.swift; path = LogInViewController.swift; sourceTree = "<group>"; };
		74D31BAE28328D41001F24DF /* HomeViewController.swift */ = {isa = PBXFileReference; lastKnownFileType = sourcecode.swift; name = HomeViewController.swift; path = "Calendar App/HomeViewController.swift"; sourceTree = SOURCE_ROOT; };
		74D31BB028328D7C001F24DF /* SettingsViewController.swift */ = {isa = PBXFileReference; lastKnownFileType = sourcecode.swift; path = SettingsViewController.swift; sourceTree = "<group>"; };
		74D31BB228328DB2001F24DF /* CalendarViewController.swift */ = {isa = PBXFileReference; lastKnownFileType = sourcecode.swift; path = CalendarViewController.swift; sourceTree = "<group>"; };
		74D31BB428328DCD001F24DF /* DayViewController.swift */ = {isa = PBXFileReference; lastKnownFileType = sourcecode.swift; path = DayViewController.swift; sourceTree = "<group>"; };
		74D31BB628328DF0001F24DF /* EventViewController.swift */ = {isa = PBXFileReference; lastKnownFileType = sourcecode.swift; path = EventViewController.swift; sourceTree = "<group>"; };
		74D31BB828328E08001F24DF /* AddEventViewController.swift */ = {isa = PBXFileReference; lastKnownFileType = sourcecode.swift; path = AddEventViewController.swift; sourceTree = "<group>"; };
		74D31BBA28329768001F24DF /* FilterViewController.swift */ = {isa = PBXFileReference; lastKnownFileType = sourcecode.swift; path = FilterViewController.swift; sourceTree = "<group>"; };
		74D31BC02837D39D001F24DF /* TabBarController.swift */ = {isa = PBXFileReference; lastKnownFileType = sourcecode.swift; path = TabBarController.swift; sourceTree = "<group>"; };
		CE4EEE3F2839E5750087EEA5 /* Firestore Get.swift */ = {isa = PBXFileReference; lastKnownFileType = sourcecode.swift; path = "Firestore Get.swift"; sourceTree = "<group>"; };
		CE4EEE412839EA450087EEA5 /* Firestore set.swift */ = {isa = PBXFileReference; lastKnownFileType = sourcecode.swift; path = "Firestore set.swift"; sourceTree = "<group>"; };
		CE4EEE45283A0EFC0087EEA5 /* GoogleService-Info.plist */ = {isa = PBXFileReference; fileEncoding = 4; lastKnownFileType = text.plist.xml; path = "GoogleService-Info.plist"; sourceTree = "<group>"; };
		CE62AC0E283D1BB900474068 /* Firestore List.swift */ = {isa = PBXFileReference; lastKnownFileType = sourcecode.swift; path = "Firestore List.swift"; sourceTree = "<group>"; };
		CE62AC10283E6B2800474068 /* Event Class.swift */ = {isa = PBXFileReference; fileEncoding = 4; lastKnownFileType = sourcecode.swift; path = "Event Class.swift"; sourceTree = "<group>"; };
		CEB9C3AA2837D8ED003EFC7F /* HomeViewSwiftui.swift */ = {isa = PBXFileReference; lastKnownFileType = sourcecode.swift; path = HomeViewSwiftui.swift; sourceTree = "<group>"; };
/* End PBXFileReference section */

/* Begin PBXFrameworksBuildPhase section */
		74AFADB2282951DA0055C71A /* Frameworks */ = {
			isa = PBXFrameworksBuildPhase;
			buildActionMask = 2147483647;
			files = (
				CE4EEDEC2839DD670087EEA5 /* GoogleSignIn in Frameworks */,
				CE4EEE272839DEF00087EEA5 /* FirebaseAuth in Frameworks */,
				CE4EEDEE2839DD670087EEA5 /* GoogleSignInSwift in Frameworks */,
				CE4EEE312839DEF00087EEA5 /* FirebaseInAppMessaging-Beta in Frameworks */,
				CE4EEE2F2839DEF00087EEA5 /* FirebaseFirestoreSwift in Frameworks */,
				CE4EEE2D2839DEF00087EEA5 /* FirebaseFirestoreCombine-Community in Frameworks */,
				CE4EEE2B2839DEF00087EEA5 /* FirebaseFirestore in Frameworks */,
				CE4EEE332839DEF00087EEA5 /* FirebaseInAppMessagingSwift-Beta in Frameworks */,
				CE4EEE3D2839DEF00087EEA5 /* FirebaseStorageCombine-Community in Frameworks */,
				CE4EEE3B2839DEF00087EEA5 /* FirebaseStorage in Frameworks */,
				CE4EEE292839DEF00087EEA5 /* FirebaseAuthCombine-Community in Frameworks */,
				CE4EEE392839DEF00087EEA5 /* FirebaseRemoteConfigSwift in Frameworks */,
				CE4EEE372839DEF00087EEA5 /* FirebaseMessaging in Frameworks */,
				CE4EEE352839DEF00087EEA5 /* FirebaseInstallations in Frameworks */,
			);
			runOnlyForDeploymentPostprocessing = 0;
		};
		74AFADC8282951DD0055C71A /* Frameworks */ = {
			isa = PBXFrameworksBuildPhase;
			buildActionMask = 2147483647;
			files = (
			);
			runOnlyForDeploymentPostprocessing = 0;
		};
		74AFADD2282951DD0055C71A /* Frameworks */ = {
			isa = PBXFrameworksBuildPhase;
			buildActionMask = 2147483647;
			files = (
			);
			runOnlyForDeploymentPostprocessing = 0;
		};
/* End PBXFrameworksBuildPhase section */

/* Begin PBXGroup section */
		74AFADAC282951DA0055C71A = {
			isa = PBXGroup;
			children = (
				74AFADB7282951DA0055C71A /* Calendar App */,
				74AFADCE282951DD0055C71A /* Calendar AppTests */,
				74AFADD8282951DD0055C71A /* Calendar AppUITests */,
				74AFADB6282951DA0055C71A /* Products */,
				CE00484B28396FF6002AE1D7 /* Frameworks */,
			);
			sourceTree = "<group>";
		};
		74AFADB6282951DA0055C71A /* Products */ = {
			isa = PBXGroup;
			children = (
				74AFADB5282951DA0055C71A /* Calendar App.app */,
				74AFADCB282951DD0055C71A /* Calendar AppTests.xctest */,
				74AFADD5282951DD0055C71A /* Calendar AppUITests.xctest */,
			);
			name = Products;
			sourceTree = "<group>";
		};
		74AFADB7282951DA0055C71A /* Calendar App */ = {
			isa = PBXGroup;
			children = (
				74AFADB8282951DA0055C71A /* AppDelegate.swift */,
				74AFADBA282951DA0055C71A /* SceneDelegate.swift */,
				74AFADBE282951DA0055C71A /* Main.storyboard */,
				74D31BC02837D39D001F24DF /* TabBarController.swift */,
				74D31BBA28329768001F24DF /* FilterViewController.swift */,
				74D31BB828328E08001F24DF /* AddEventViewController.swift */,
				74D31BB628328DF0001F24DF /* EventViewController.swift */,
				CE62AC10283E6B2800474068 /* Event Class.swift */,
				CE4EEE3E2839E5520087EEA5 /* Firebase */,
				74D31BB428328DCD001F24DF /* DayViewController.swift */,
				74D31BB028328D7C001F24DF /* SettingsViewController.swift */,
				CEB9C3A92837D8C8003EFC7F /* HomeView */,
				74D31BAC282EA5DA001F24DF /* LogInViewController.swift */,
				74D31BB228328DB2001F24DF /* CalendarViewController.swift */,
				74AFADC1282951DD0055C71A /* Assets.xcassets */,
				74AFADC3282951DD0055C71A /* LaunchScreen.storyboard */,
				74AFADC6282951DD0055C71A /* Info.plist */,
			);
			path = "Calendar App";
			sourceTree = "<group>";
		};
		74AFADCE282951DD0055C71A /* Calendar AppTests */ = {
			isa = PBXGroup;
			children = (
				74AFADCF282951DD0055C71A /* Calendar_AppTests.swift */,
			);
			path = "Calendar AppTests";
			sourceTree = "<group>";
		};
		74AFADD8282951DD0055C71A /* Calendar AppUITests */ = {
			isa = PBXGroup;
			children = (
				74AFADD9282951DD0055C71A /* Calendar_AppUITests.swift */,
				74AFADDB282951DD0055C71A /* Calendar_AppUITestsLaunchTests.swift */,
			);
			path = "Calendar AppUITests";
			sourceTree = "<group>";
		};
		CE00484B28396FF6002AE1D7 /* Frameworks */ = {
			isa = PBXGroup;
			children = (
			);
			name = Frameworks;
			sourceTree = "<group>";
		};
		CE4EEE3E2839E5520087EEA5 /* Firebase */ = {
			isa = PBXGroup;
			children = (
				CE4EEE45283A0EFC0087EEA5 /* GoogleService-Info.plist */,
				CE4EEE3F2839E5750087EEA5 /* Firestore Get.swift */,
				CE4EEE412839EA450087EEA5 /* Firestore set.swift */,
				CE62AC0E283D1BB900474068 /* Firestore List.swift */,
			);
			path = Firebase;
			sourceTree = "<group>";
		};
		CEB9C3A92837D8C8003EFC7F /* HomeView */ = {
			isa = PBXGroup;
			children = (
				74D31BAE28328D41001F24DF /* HomeViewController.swift */,
				CEB9C3AA2837D8ED003EFC7F /* HomeViewSwiftui.swift */,
			);
			path = HomeView;
			sourceTree = "<group>";
		};
/* End PBXGroup section */

/* Begin PBXNativeTarget section */
		74AFADB4282951DA0055C71A /* Calendar App */ = {
			isa = PBXNativeTarget;
			buildConfigurationList = 74AFADDF282951DD0055C71A /* Build configuration list for PBXNativeTarget "Calendar App" */;
			buildPhases = (
				74AFADB1282951DA0055C71A /* Sources */,
				74AFADB2282951DA0055C71A /* Frameworks */,
				74AFADB3282951DA0055C71A /* Resources */,
			);
			buildRules = (
			);
			dependencies = (
			);
			name = "Calendar App";
			packageProductDependencies = (
				CE4EEDEB2839DD670087EEA5 /* GoogleSignIn */,
				CE4EEDED2839DD670087EEA5 /* GoogleSignInSwift */,
				CE4EEE262839DEF00087EEA5 /* FirebaseAuth */,
				CE4EEE282839DEF00087EEA5 /* FirebaseAuthCombine-Community */,
				CE4EEE2A2839DEF00087EEA5 /* FirebaseFirestore */,
				CE4EEE2C2839DEF00087EEA5 /* FirebaseFirestoreCombine-Community */,
				CE4EEE2E2839DEF00087EEA5 /* FirebaseFirestoreSwift */,
				CE4EEE302839DEF00087EEA5 /* FirebaseInAppMessaging-Beta */,
				CE4EEE322839DEF00087EEA5 /* FirebaseInAppMessagingSwift-Beta */,
				CE4EEE342839DEF00087EEA5 /* FirebaseInstallations */,
				CE4EEE362839DEF00087EEA5 /* FirebaseMessaging */,
				CE4EEE382839DEF00087EEA5 /* FirebaseRemoteConfigSwift */,
				CE4EEE3A2839DEF00087EEA5 /* FirebaseStorage */,
				CE4EEE3C2839DEF00087EEA5 /* FirebaseStorageCombine-Community */,
			);
			productName = "Calendar App";
			productReference = 74AFADB5282951DA0055C71A /* Calendar App.app */;
			productType = "com.apple.product-type.application";
		};
		74AFADCA282951DD0055C71A /* Calendar AppTests */ = {
			isa = PBXNativeTarget;
			buildConfigurationList = 74AFADE2282951DD0055C71A /* Build configuration list for PBXNativeTarget "Calendar AppTests" */;
			buildPhases = (
				74AFADC7282951DD0055C71A /* Sources */,
				74AFADC8282951DD0055C71A /* Frameworks */,
				74AFADC9282951DD0055C71A /* Resources */,
			);
			buildRules = (
			);
			dependencies = (
				74AFADCD282951DD0055C71A /* PBXTargetDependency */,
			);
			name = "Calendar AppTests";
			productName = "Calendar AppTests";
			productReference = 74AFADCB282951DD0055C71A /* Calendar AppTests.xctest */;
			productType = "com.apple.product-type.bundle.unit-test";
		};
		74AFADD4282951DD0055C71A /* Calendar AppUITests */ = {
			isa = PBXNativeTarget;
			buildConfigurationList = 74AFADE5282951DD0055C71A /* Build configuration list for PBXNativeTarget "Calendar AppUITests" */;
			buildPhases = (
				74AFADD1282951DD0055C71A /* Sources */,
				74AFADD2282951DD0055C71A /* Frameworks */,
				74AFADD3282951DD0055C71A /* Resources */,
			);
			buildRules = (
			);
			dependencies = (
				74AFADD7282951DD0055C71A /* PBXTargetDependency */,
			);
			name = "Calendar AppUITests";
			productName = "Calendar AppUITests";
			productReference = 74AFADD5282951DD0055C71A /* Calendar AppUITests.xctest */;
			productType = "com.apple.product-type.bundle.ui-testing";
		};
/* End PBXNativeTarget section */

/* Begin PBXProject section */
		74AFADAD282951DA0055C71A /* Project object */ = {
			isa = PBXProject;
			attributes = {
				BuildIndependentTargetsInParallel = 1;
				LastSwiftUpdateCheck = 1330;
				LastUpgradeCheck = 1330;
				TargetAttributes = {
					74AFADB4282951DA0055C71A = {
						CreatedOnToolsVersion = 13.3;
					};
					74AFADCA282951DD0055C71A = {
						CreatedOnToolsVersion = 13.3;
						TestTargetID = 74AFADB4282951DA0055C71A;
					};
					74AFADD4282951DD0055C71A = {
						CreatedOnToolsVersion = 13.3;
						TestTargetID = 74AFADB4282951DA0055C71A;
					};
				};
			};
			buildConfigurationList = 74AFADB0282951DA0055C71A /* Build configuration list for PBXProject "Calendar App" */;
			compatibilityVersion = "Xcode 13.0";
			developmentRegion = en;
			hasScannedForEncodings = 0;
			knownRegions = (
				en,
				Base,
			);
			mainGroup = 74AFADAC282951DA0055C71A;
			packageReferences = (
				CEB9C3832837D7B7003EFC7F /* XCRemoteSwiftPackageReference "GoogleSignIn-iOS" */,
				CE4EEE252839DEF00087EEA5 /* XCRemoteSwiftPackageReference "firebase-ios-sdk" */,
			);
			productRefGroup = 74AFADB6282951DA0055C71A /* Products */;
			projectDirPath = "";
			projectRoot = "";
			targets = (
				74AFADB4282951DA0055C71A /* Calendar App */,
				74AFADCA282951DD0055C71A /* Calendar AppTests */,
				74AFADD4282951DD0055C71A /* Calendar AppUITests */,
			);
		};
/* End PBXProject section */

/* Begin PBXResourcesBuildPhase section */
		74AFADB3282951DA0055C71A /* Resources */ = {
			isa = PBXResourcesBuildPhase;
			buildActionMask = 2147483647;
			files = (
				74AFADC5282951DD0055C71A /* LaunchScreen.storyboard in Resources */,
				CE4EEE46283A0EFC0087EEA5 /* GoogleService-Info.plist in Resources */,
				74AFADC2282951DD0055C71A /* Assets.xcassets in Resources */,
				74AFADC0282951DA0055C71A /* Main.storyboard in Resources */,
			);
			runOnlyForDeploymentPostprocessing = 0;
		};
		74AFADC9282951DD0055C71A /* Resources */ = {
			isa = PBXResourcesBuildPhase;
			buildActionMask = 2147483647;
			files = (
			);
			runOnlyForDeploymentPostprocessing = 0;
		};
		74AFADD3282951DD0055C71A /* Resources */ = {
			isa = PBXResourcesBuildPhase;
			buildActionMask = 2147483647;
			files = (
			);
			runOnlyForDeploymentPostprocessing = 0;
		};
/* End PBXResourcesBuildPhase section */

/* Begin PBXSourcesBuildPhase section */
		74AFADB1282951DA0055C71A /* Sources */ = {
			isa = PBXSourcesBuildPhase;
			buildActionMask = 2147483647;
			files = (
				74D31BAD282EA5DA001F24DF /* LogInViewController.swift in Sources */,
				CE4EEE422839EA450087EEA5 /* Firestore set.swift in Sources */,
				74D31BB928328E08001F24DF /* AddEventViewController.swift in Sources */,
				74D31BC12837D39D001F24DF /* TabBarController.swift in Sources */,
				CE4EEE402839E5750087EEA5 /* Firestore Get.swift in Sources */,
				74AFADB9282951DA0055C71A /* AppDelegate.swift in Sources */,
				74AFADBB282951DA0055C71A /* SceneDelegate.swift in Sources */,
				74D31BBB28329768001F24DF /* FilterViewController.swift in Sources */,
				CE62AC11283E6B2900474068 /* Event Class.swift in Sources */,
				74D31BAF28328D42001F24DF /* HomeViewController.swift in Sources */,
				74D31BB728328DF0001F24DF /* EventViewController.swift in Sources */,
				74D31BB328328DB2001F24DF /* CalendarViewController.swift in Sources */,
				74D31BB128328D7C001F24DF /* SettingsViewController.swift in Sources */,
				74D31BB528328DCD001F24DF /* DayViewController.swift in Sources */,
				CE62AC0F283D1BB900474068 /* Firestore List.swift in Sources */,
				CEB9C3AB2837D8ED003EFC7F /* HomeViewSwiftui.swift in Sources */,
			);
			runOnlyForDeploymentPostprocessing = 0;
		};
		74AFADC7282951DD0055C71A /* Sources */ = {
			isa = PBXSourcesBuildPhase;
			buildActionMask = 2147483647;
			files = (
				74AFADD0282951DD0055C71A /* Calendar_AppTests.swift in Sources */,
			);
			runOnlyForDeploymentPostprocessing = 0;
		};
		74AFADD1282951DD0055C71A /* Sources */ = {
			isa = PBXSourcesBuildPhase;
			buildActionMask = 2147483647;
			files = (
				74AFADDC282951DD0055C71A /* Calendar_AppUITestsLaunchTests.swift in Sources */,
				74AFADDA282951DD0055C71A /* Calendar_AppUITests.swift in Sources */,
			);
			runOnlyForDeploymentPostprocessing = 0;
		};
/* End PBXSourcesBuildPhase section */

/* Begin PBXTargetDependency section */
		74AFADCD282951DD0055C71A /* PBXTargetDependency */ = {
			isa = PBXTargetDependency;
			target = 74AFADB4282951DA0055C71A /* Calendar App */;
			targetProxy = 74AFADCC282951DD0055C71A /* PBXContainerItemProxy */;
		};
		74AFADD7282951DD0055C71A /* PBXTargetDependency */ = {
			isa = PBXTargetDependency;
			target = 74AFADB4282951DA0055C71A /* Calendar App */;
			targetProxy = 74AFADD6282951DD0055C71A /* PBXContainerItemProxy */;
		};
/* End PBXTargetDependency section */

/* Begin PBXVariantGroup section */
		74AFADBE282951DA0055C71A /* Main.storyboard */ = {
			isa = PBXVariantGroup;
			children = (
				74AFADBF282951DA0055C71A /* Base */,
			);
			name = Main.storyboard;
			sourceTree = "<group>";
		};
		74AFADC3282951DD0055C71A /* LaunchScreen.storyboard */ = {
			isa = PBXVariantGroup;
			children = (
				74AFADC4282951DD0055C71A /* Base */,
			);
			name = LaunchScreen.storyboard;
			sourceTree = "<group>";
		};
/* End PBXVariantGroup section */

/* Begin XCBuildConfiguration section */
		74AFADDD282951DD0055C71A /* Debug */ = {
			isa = XCBuildConfiguration;
			buildSettings = {
				ALWAYS_SEARCH_USER_PATHS = NO;
				CLANG_ANALYZER_NONNULL = YES;
				CLANG_ANALYZER_NUMBER_OBJECT_CONVERSION = YES_AGGRESSIVE;
				CLANG_CXX_LANGUAGE_STANDARD = "gnu++17";
				CLANG_ENABLE_MODULES = YES;
				CLANG_ENABLE_OBJC_ARC = YES;
				CLANG_ENABLE_OBJC_WEAK = YES;
				CLANG_WARN_BLOCK_CAPTURE_AUTORELEASING = YES;
				CLANG_WARN_BOOL_CONVERSION = YES;
				CLANG_WARN_COMMA = YES;
				CLANG_WARN_CONSTANT_CONVERSION = YES;
				CLANG_WARN_DEPRECATED_OBJC_IMPLEMENTATIONS = YES;
				CLANG_WARN_DIRECT_OBJC_ISA_USAGE = YES_ERROR;
				CLANG_WARN_DOCUMENTATION_COMMENTS = YES;
				CLANG_WARN_EMPTY_BODY = YES;
				CLANG_WARN_ENUM_CONVERSION = YES;
				CLANG_WARN_INFINITE_RECURSION = YES;
				CLANG_WARN_INT_CONVERSION = YES;
				CLANG_WARN_NON_LITERAL_NULL_CONVERSION = YES;
				CLANG_WARN_OBJC_IMPLICIT_RETAIN_SELF = YES;
				CLANG_WARN_OBJC_LITERAL_CONVERSION = YES;
				CLANG_WARN_OBJC_ROOT_CLASS = YES_ERROR;
				CLANG_WARN_QUOTED_INCLUDE_IN_FRAMEWORK_HEADER = YES;
				CLANG_WARN_RANGE_LOOP_ANALYSIS = YES;
				CLANG_WARN_STRICT_PROTOTYPES = YES;
				CLANG_WARN_SUSPICIOUS_MOVE = YES;
				CLANG_WARN_UNGUARDED_AVAILABILITY = YES_AGGRESSIVE;
				CLANG_WARN_UNREACHABLE_CODE = YES;
				CLANG_WARN__DUPLICATE_METHOD_MATCH = YES;
				COPY_PHASE_STRIP = NO;
				DEBUG_INFORMATION_FORMAT = dwarf;
				ENABLE_STRICT_OBJC_MSGSEND = YES;
				ENABLE_TESTABILITY = YES;
				GCC_C_LANGUAGE_STANDARD = gnu11;
				GCC_DYNAMIC_NO_PIC = NO;
				GCC_NO_COMMON_BLOCKS = YES;
				GCC_OPTIMIZATION_LEVEL = 0;
				GCC_PREPROCESSOR_DEFINITIONS = (
					"DEBUG=1",
					"$(inherited)",
				);
				GCC_WARN_64_TO_32_BIT_CONVERSION = YES;
				GCC_WARN_ABOUT_RETURN_TYPE = YES_ERROR;
				GCC_WARN_UNDECLARED_SELECTOR = YES;
				GCC_WARN_UNINITIALIZED_AUTOS = YES_AGGRESSIVE;
				GCC_WARN_UNUSED_FUNCTION = YES;
				GCC_WARN_UNUSED_VARIABLE = YES;
				IPHONEOS_DEPLOYMENT_TARGET = 15.0;
				MACH_O_TYPE = staticlib;
				MTL_ENABLE_DEBUG_INFO = INCLUDE_SOURCE;
				MTL_FAST_MATH = YES;
				ONLY_ACTIVE_ARCH = YES;
				SDKROOT = iphoneos;
				SWIFT_ACTIVE_COMPILATION_CONDITIONS = DEBUG;
				SWIFT_OPTIMIZATION_LEVEL = "-Onone";
			};
			name = Debug;
		};
		74AFADDE282951DD0055C71A /* Release */ = {
			isa = XCBuildConfiguration;
			buildSettings = {
				ALWAYS_SEARCH_USER_PATHS = NO;
				CLANG_ANALYZER_NONNULL = YES;
				CLANG_ANALYZER_NUMBER_OBJECT_CONVERSION = YES_AGGRESSIVE;
				CLANG_CXX_LANGUAGE_STANDARD = "gnu++17";
				CLANG_ENABLE_MODULES = YES;
				CLANG_ENABLE_OBJC_ARC = YES;
				CLANG_ENABLE_OBJC_WEAK = YES;
				CLANG_WARN_BLOCK_CAPTURE_AUTORELEASING = YES;
				CLANG_WARN_BOOL_CONVERSION = YES;
				CLANG_WARN_COMMA = YES;
				CLANG_WARN_CONSTANT_CONVERSION = YES;
				CLANG_WARN_DEPRECATED_OBJC_IMPLEMENTATIONS = YES;
				CLANG_WARN_DIRECT_OBJC_ISA_USAGE = YES_ERROR;
				CLANG_WARN_DOCUMENTATION_COMMENTS = YES;
				CLANG_WARN_EMPTY_BODY = YES;
				CLANG_WARN_ENUM_CONVERSION = YES;
				CLANG_WARN_INFINITE_RECURSION = YES;
				CLANG_WARN_INT_CONVERSION = YES;
				CLANG_WARN_NON_LITERAL_NULL_CONVERSION = YES;
				CLANG_WARN_OBJC_IMPLICIT_RETAIN_SELF = YES;
				CLANG_WARN_OBJC_LITERAL_CONVERSION = YES;
				CLANG_WARN_OBJC_ROOT_CLASS = YES_ERROR;
				CLANG_WARN_QUOTED_INCLUDE_IN_FRAMEWORK_HEADER = YES;
				CLANG_WARN_RANGE_LOOP_ANALYSIS = YES;
				CLANG_WARN_STRICT_PROTOTYPES = YES;
				CLANG_WARN_SUSPICIOUS_MOVE = YES;
				CLANG_WARN_UNGUARDED_AVAILABILITY = YES_AGGRESSIVE;
				CLANG_WARN_UNREACHABLE_CODE = YES;
				CLANG_WARN__DUPLICATE_METHOD_MATCH = YES;
				COPY_PHASE_STRIP = NO;
				DEBUG_INFORMATION_FORMAT = "dwarf-with-dsym";
				ENABLE_NS_ASSERTIONS = NO;
				ENABLE_STRICT_OBJC_MSGSEND = YES;
				GCC_C_LANGUAGE_STANDARD = gnu11;
				GCC_NO_COMMON_BLOCKS = YES;
				GCC_WARN_64_TO_32_BIT_CONVERSION = YES;
				GCC_WARN_ABOUT_RETURN_TYPE = YES_ERROR;
				GCC_WARN_UNDECLARED_SELECTOR = YES;
				GCC_WARN_UNINITIALIZED_AUTOS = YES_AGGRESSIVE;
				GCC_WARN_UNUSED_FUNCTION = YES;
				GCC_WARN_UNUSED_VARIABLE = YES;
				IPHONEOS_DEPLOYMENT_TARGET = 15.0;
				MACH_O_TYPE = staticlib;
				MTL_ENABLE_DEBUG_INFO = NO;
				MTL_FAST_MATH = YES;
				SDKROOT = iphoneos;
				SWIFT_COMPILATION_MODE = wholemodule;
				SWIFT_OPTIMIZATION_LEVEL = "-O";
				VALIDATE_PRODUCT = YES;
			};
			name = Release;
		};
		74AFADE0282951DD0055C71A /* Debug */ = {
			isa = XCBuildConfiguration;
			buildSettings = {
				ASSETCATALOG_COMPILER_APPICON_NAME = AppIcon;
				ASSETCATALOG_COMPILER_GLOBAL_ACCENT_COLOR_NAME = AccentColor;
				CODE_SIGN_IDENTITY = "Apple Development";
				CODE_SIGN_STYLE = Automatic;
				CURRENT_PROJECT_VERSION = 1;
				DEVELOPMENT_TEAM = QG58WJH3QS;
				GENERATE_INFOPLIST_FILE = YES;
				INFOPLIST_FILE = "Calendar App/Info.plist";
				INFOPLIST_KEY_UIApplicationSupportsIndirectInputEvents = YES;
				INFOPLIST_KEY_UILaunchStoryboardName = LaunchScreen;
				INFOPLIST_KEY_UIMainStoryboardFile = Main;
				INFOPLIST_KEY_UISupportedInterfaceOrientations_iPad = "UIInterfaceOrientationPortrait UIInterfaceOrientationPortraitUpsideDown UIInterfaceOrientationLandscapeLeft UIInterfaceOrientationLandscapeRight";
				INFOPLIST_KEY_UISupportedInterfaceOrientations_iPhone = "UIInterfaceOrientationPortrait UIInterfaceOrientationLandscapeLeft UIInterfaceOrientationLandscapeRight";
				IPHONEOS_DEPLOYMENT_TARGET = 15.0;
				LD_RUNPATH_SEARCH_PATHS = (
					"$(inherited)",
					"@executable_path/Frameworks",
				);
				MACH_O_TYPE = "";
				MARKETING_VERSION = 1.0;
				OTHER_CODE_SIGN_FLAGS = "";
				"OTHER_CODE_SIGN_FLAGS[sdk=*]" = "--generate-entitlement-der";
				PRODUCT_BUNDLE_IDENTIFIER = "ICS4UI.Calendar-App098";
				PRODUCT_NAME = "$(TARGET_NAME)";
				PROVISIONING_PROFILE_SPECIFIER = "";
				SWIFT_EMIT_LOC_STRINGS = YES;
				SWIFT_VERSION = 5.0;
				TARGETED_DEVICE_FAMILY = "1,2";
			};
			name = Debug;
		};
		74AFADE1282951DD0055C71A /* Release */ = {
			isa = XCBuildConfiguration;
			buildSettings = {
				ASSETCATALOG_COMPILER_APPICON_NAME = AppIcon;
				ASSETCATALOG_COMPILER_GLOBAL_ACCENT_COLOR_NAME = AccentColor;
				CODE_SIGN_IDENTITY = "Apple Development";
				CODE_SIGN_STYLE = Automatic;
				CURRENT_PROJECT_VERSION = 1;
				DEVELOPMENT_TEAM = QG58WJH3QS;
				GENERATE_INFOPLIST_FILE = YES;
				INFOPLIST_FILE = "Calendar App/Info.plist";
				INFOPLIST_KEY_UIApplicationSupportsIndirectInputEvents = YES;
				INFOPLIST_KEY_UILaunchStoryboardName = LaunchScreen;
				INFOPLIST_KEY_UIMainStoryboardFile = Main;
				INFOPLIST_KEY_UISupportedInterfaceOrientations_iPad = "UIInterfaceOrientationPortrait UIInterfaceOrientationPortraitUpsideDown UIInterfaceOrientationLandscapeLeft UIInterfaceOrientationLandscapeRight";
				INFOPLIST_KEY_UISupportedInterfaceOrientations_iPhone = "UIInterfaceOrientationPortrait UIInterfaceOrientationLandscapeLeft UIInterfaceOrientationLandscapeRight";
				IPHONEOS_DEPLOYMENT_TARGET = 15.0;
				LD_RUNPATH_SEARCH_PATHS = (
					"$(inherited)",
					"@executable_path/Frameworks",
				);
				MACH_O_TYPE = "";
				MARKETING_VERSION = 1.0;
				OTHER_CODE_SIGN_FLAGS = "";
				"OTHER_CODE_SIGN_FLAGS[sdk=*]" = "--generate-entitlement-der";
				PRODUCT_BUNDLE_IDENTIFIER = "ICS4UI.Calendar-App098";
				PRODUCT_NAME = "$(TARGET_NAME)";
				PROVISIONING_PROFILE_SPECIFIER = "";
				SWIFT_EMIT_LOC_STRINGS = YES;
				SWIFT_VERSION = 5.0;
				TARGETED_DEVICE_FAMILY = "1,2";
			};
			name = Release;
		};
		74AFADE3282951DD0055C71A /* Debug */ = {
			isa = XCBuildConfiguration;
			buildSettings = {
				ALWAYS_EMBED_SWIFT_STANDARD_LIBRARIES = YES;
				BUNDLE_LOADER = "$(TEST_HOST)";
				CODE_SIGN_STYLE = Automatic;
				CURRENT_PROJECT_VERSION = 1;
				DEVELOPMENT_TEAM = QG58WJH3QS;
				GENERATE_INFOPLIST_FILE = YES;
				IPHONEOS_DEPLOYMENT_TARGET = 15.4;
				MARKETING_VERSION = 1.0;
				PRODUCT_BUNDLE_IDENTIFIER = "ICS4UI.Calendar-AppTests";
				PRODUCT_NAME = "$(TARGET_NAME)";
				SWIFT_EMIT_LOC_STRINGS = NO;
				SWIFT_VERSION = 5.0;
				TARGETED_DEVICE_FAMILY = "1,2";
				TEST_HOST = "$(BUILT_PRODUCTS_DIR)/Calendar App.app/Calendar App";
			};
			name = Debug;
		};
		74AFADE4282951DD0055C71A /* Release */ = {
			isa = XCBuildConfiguration;
			buildSettings = {
				ALWAYS_EMBED_SWIFT_STANDARD_LIBRARIES = YES;
				BUNDLE_LOADER = "$(TEST_HOST)";
				CODE_SIGN_STYLE = Automatic;
				CURRENT_PROJECT_VERSION = 1;
				DEVELOPMENT_TEAM = QG58WJH3QS;
				GENERATE_INFOPLIST_FILE = YES;
				IPHONEOS_DEPLOYMENT_TARGET = 15.4;
				MARKETING_VERSION = 1.0;
				PRODUCT_BUNDLE_IDENTIFIER = "ICS4UI.Calendar-AppTests";
				PRODUCT_NAME = "$(TARGET_NAME)";
				SWIFT_EMIT_LOC_STRINGS = NO;
				SWIFT_VERSION = 5.0;
				TARGETED_DEVICE_FAMILY = "1,2";
				TEST_HOST = "$(BUILT_PRODUCTS_DIR)/Calendar App.app/Calendar App";
			};
			name = Release;
		};
		74AFADE6282951DD0055C71A /* Debug */ = {
			isa = XCBuildConfiguration;
			buildSettings = {
				ALWAYS_EMBED_SWIFT_STANDARD_LIBRARIES = YES;
				CODE_SIGN_STYLE = Automatic;
				CURRENT_PROJECT_VERSION = 1;
				DEVELOPMENT_TEAM = QG58WJH3QS;
				GENERATE_INFOPLIST_FILE = YES;
				MARKETING_VERSION = 1.0;
				PRODUCT_BUNDLE_IDENTIFIER = "ICS4UI.Calendar-AppUITests";
				PRODUCT_NAME = "$(TARGET_NAME)";
				SWIFT_EMIT_LOC_STRINGS = NO;
				SWIFT_VERSION = 5.0;
				TARGETED_DEVICE_FAMILY = "1,2";
				TEST_TARGET_NAME = "Calendar App";
			};
			name = Debug;
		};
		74AFADE7282951DD0055C71A /* Release */ = {
			isa = XCBuildConfiguration;
			buildSettings = {
				ALWAYS_EMBED_SWIFT_STANDARD_LIBRARIES = YES;
				CODE_SIGN_STYLE = Automatic;
				CURRENT_PROJECT_VERSION = 1;
				DEVELOPMENT_TEAM = QG58WJH3QS;
				GENERATE_INFOPLIST_FILE = YES;
				MARKETING_VERSION = 1.0;
				PRODUCT_BUNDLE_IDENTIFIER = "ICS4UI.Calendar-AppUITests";
				PRODUCT_NAME = "$(TARGET_NAME)";
				SWIFT_EMIT_LOC_STRINGS = NO;
				SWIFT_VERSION = 5.0;
				TARGETED_DEVICE_FAMILY = "1,2";
				TEST_TARGET_NAME = "Calendar App";
			};
			name = Release;
		};
/* End XCBuildConfiguration section */

/* Begin XCConfigurationList section */
		74AFADB0282951DA0055C71A /* Build configuration list for PBXProject "Calendar App" */ = {
			isa = XCConfigurationList;
			buildConfigurations = (
				74AFADDD282951DD0055C71A /* Debug */,
				74AFADDE282951DD0055C71A /* Release */,
			);
			defaultConfigurationIsVisible = 0;
			defaultConfigurationName = Release;
		};
		74AFADDF282951DD0055C71A /* Build configuration list for PBXNativeTarget "Calendar App" */ = {
			isa = XCConfigurationList;
			buildConfigurations = (
				74AFADE0282951DD0055C71A /* Debug */,
				74AFADE1282951DD0055C71A /* Release */,
			);
			defaultConfigurationIsVisible = 0;
			defaultConfigurationName = Release;
		};
		74AFADE2282951DD0055C71A /* Build configuration list for PBXNativeTarget "Calendar AppTests" */ = {
			isa = XCConfigurationList;
			buildConfigurations = (
				74AFADE3282951DD0055C71A /* Debug */,
				74AFADE4282951DD0055C71A /* Release */,
			);
			defaultConfigurationIsVisible = 0;
			defaultConfigurationName = Release;
		};
		74AFADE5282951DD0055C71A /* Build configuration list for PBXNativeTarget "Calendar AppUITests" */ = {
			isa = XCConfigurationList;
			buildConfigurations = (
				74AFADE6282951DD0055C71A /* Debug */,
				74AFADE7282951DD0055C71A /* Release */,
			);
			defaultConfigurationIsVisible = 0;
			defaultConfigurationName = Release;
		};
/* End XCConfigurationList section */

/* Begin XCRemoteSwiftPackageReference section */
		CE4EEE252839DEF00087EEA5 /* XCRemoteSwiftPackageReference "firebase-ios-sdk" */ = {
			isa = XCRemoteSwiftPackageReference;
			repositoryURL = "https://github.com/firebase/firebase-ios-sdk.git";
			requirement = {
				kind = exactVersion;
				version = 9.0.0;
			};
		};
		CEB9C3832837D7B7003EFC7F /* XCRemoteSwiftPackageReference "GoogleSignIn-iOS" */ = {
			isa = XCRemoteSwiftPackageReference;
			repositoryURL = "https://github.com/google/GoogleSignIn-iOS";
			requirement = {
				kind = exactVersion;
				version = 6.2.1;
			};
		};
/* End XCRemoteSwiftPackageReference section */

/* Begin XCSwiftPackageProductDependency section */
		CE4EEDEB2839DD670087EEA5 /* GoogleSignIn */ = {
			isa = XCSwiftPackageProductDependency;
			package = CEB9C3832837D7B7003EFC7F /* XCRemoteSwiftPackageReference "GoogleSignIn-iOS" */;
			productName = GoogleSignIn;
		};
		CE4EEDED2839DD670087EEA5 /* GoogleSignInSwift */ = {
			isa = XCSwiftPackageProductDependency;
			package = CEB9C3832837D7B7003EFC7F /* XCRemoteSwiftPackageReference "GoogleSignIn-iOS" */;
			productName = GoogleSignInSwift;
		};
		CE4EEE262839DEF00087EEA5 /* FirebaseAuth */ = {
			isa = XCSwiftPackageProductDependency;
			package = CE4EEE252839DEF00087EEA5 /* XCRemoteSwiftPackageReference "firebase-ios-sdk" */;
			productName = FirebaseAuth;
		};
		CE4EEE282839DEF00087EEA5 /* FirebaseAuthCombine-Community */ = {
			isa = XCSwiftPackageProductDependency;
			package = CE4EEE252839DEF00087EEA5 /* XCRemoteSwiftPackageReference "firebase-ios-sdk" */;
			productName = "FirebaseAuthCombine-Community";
		};
		CE4EEE2A2839DEF00087EEA5 /* FirebaseFirestore */ = {
			isa = XCSwiftPackageProductDependency;
			package = CE4EEE252839DEF00087EEA5 /* XCRemoteSwiftPackageReference "firebase-ios-sdk" */;
			productName = FirebaseFirestore;
		};
		CE4EEE2C2839DEF00087EEA5 /* FirebaseFirestoreCombine-Community */ = {
			isa = XCSwiftPackageProductDependency;
			package = CE4EEE252839DEF00087EEA5 /* XCRemoteSwiftPackageReference "firebase-ios-sdk" */;
			productName = "FirebaseFirestoreCombine-Community";
		};
		CE4EEE2E2839DEF00087EEA5 /* FirebaseFirestoreSwift */ = {
			isa = XCSwiftPackageProductDependency;
			package = CE4EEE252839DEF00087EEA5 /* XCRemoteSwiftPackageReference "firebase-ios-sdk" */;
			productName = FirebaseFirestoreSwift;
		};
		CE4EEE302839DEF00087EEA5 /* FirebaseInAppMessaging-Beta */ = {
			isa = XCSwiftPackageProductDependency;
			package = CE4EEE252839DEF00087EEA5 /* XCRemoteSwiftPackageReference "firebase-ios-sdk" */;
			productName = "FirebaseInAppMessaging-Beta";
		};
		CE4EEE322839DEF00087EEA5 /* FirebaseInAppMessagingSwift-Beta */ = {
			isa = XCSwiftPackageProductDependency;
			package = CE4EEE252839DEF00087EEA5 /* XCRemoteSwiftPackageReference "firebase-ios-sdk" */;
			productName = "FirebaseInAppMessagingSwift-Beta";
		};
		CE4EEE342839DEF00087EEA5 /* FirebaseInstallations */ = {
			isa = XCSwiftPackageProductDependency;
			package = CE4EEE252839DEF00087EEA5 /* XCRemoteSwiftPackageReference "firebase-ios-sdk" */;
			productName = FirebaseInstallations;
		};
		CE4EEE362839DEF00087EEA5 /* FirebaseMessaging */ = {
			isa = XCSwiftPackageProductDependency;
			package = CE4EEE252839DEF00087EEA5 /* XCRemoteSwiftPackageReference "firebase-ios-sdk" */;
			productName = FirebaseMessaging;
		};
		CE4EEE382839DEF00087EEA5 /* FirebaseRemoteConfigSwift */ = {
			isa = XCSwiftPackageProductDependency;
			package = CE4EEE252839DEF00087EEA5 /* XCRemoteSwiftPackageReference "firebase-ios-sdk" */;
			productName = FirebaseRemoteConfigSwift;
		};
		CE4EEE3A2839DEF00087EEA5 /* FirebaseStorage */ = {
			isa = XCSwiftPackageProductDependency;
			package = CE4EEE252839DEF00087EEA5 /* XCRemoteSwiftPackageReference "firebase-ios-sdk" */;
			productName = FirebaseStorage;
		};
		CE4EEE3C2839DEF00087EEA5 /* FirebaseStorageCombine-Community */ = {
			isa = XCSwiftPackageProductDependency;
			package = CE4EEE252839DEF00087EEA5 /* XCRemoteSwiftPackageReference "firebase-ios-sdk" */;
			productName = "FirebaseStorageCombine-Community";
		};
/* End XCSwiftPackageProductDependency section */
	};
	rootObject = 74AFADAD282951DA0055C71A /* Project object */;
}
